// !$*UTF8*$!
{
	archiveVersion = 1;
	classes = {
	};
	objectVersion = 48;
	objects = {

/* Begin PBXBuildFile section */
		091BC2E31FDE3FBB00F17BE5 /* AppDelegate.swift in Sources */ = {isa = PBXBuildFile; fileRef = 091BC2E21FDE3FBB00F17BE5 /* AppDelegate.swift */; };
		091BC2E51FDE3FBB00F17BE5 /* WelcomeVC.swift in Sources */ = {isa = PBXBuildFile; fileRef = 091BC2E41FDE3FBB00F17BE5 /* WelcomeVC.swift */; };
		091BC2E81FDE3FBB00F17BE5 /* Main.storyboard in Resources */ = {isa = PBXBuildFile; fileRef = 091BC2E61FDE3FBB00F17BE5 /* Main.storyboard */; };
		091BC2EA1FDE3FBB00F17BE5 /* Assets.xcassets in Resources */ = {isa = PBXBuildFile; fileRef = 091BC2E91FDE3FBB00F17BE5 /* Assets.xcassets */; };
		091BC2ED1FDE3FBB00F17BE5 /* LaunchScreen.storyboard in Resources */ = {isa = PBXBuildFile; fileRef = 091BC2EB1FDE3FBB00F17BE5 /* LaunchScreen.storyboard */; };
		091BC2F61FDE47F300F17BE5 /* BorderButton.swift in Sources */ = {isa = PBXBuildFile; fileRef = 091BC2F51FDE47F300F17BE5 /* BorderButton.swift */; };
/* End PBXBuildFile section */

/* Begin PBXFileReference section */
		091BC2DF1FDE3FBB00F17BE5 /* woosh.app */ = {isa = PBXFileReference; explicitFileType = wrapper.application; includeInIndex = 0; path = woosh.app; sourceTree = BUILT_PRODUCTS_DIR; };
		091BC2E21FDE3FBB00F17BE5 /* AppDelegate.swift */ = {isa = PBXFileReference; lastKnownFileType = sourcecode.swift; path = AppDelegate.swift; sourceTree = "<group>"; };
		091BC2E41FDE3FBB00F17BE5 /* WelcomeVC.swift */ = {isa = PBXFileReference; lastKnownFileType = sourcecode.swift; path = WelcomeVC.swift; sourceTree = "<group>"; };
		091BC2E71FDE3FBB00F17BE5 /* Base */ = {isa = PBXFileReference; lastKnownFileType = file.storyboard; name = Base; path = Base.lproj/Main.storyboard; sourceTree = "<group>"; };
		091BC2E91FDE3FBB00F17BE5 /* Assets.xcassets */ = {isa = PBXFileReference; lastKnownFileType = folder.assetcatalog; path = Assets.xcassets; sourceTree = "<group>"; };
		091BC2EC1FDE3FBB00F17BE5 /* Base */ = {isa = PBXFileReference; lastKnownFileType = file.storyboard; name = Base; path = Base.lproj/LaunchScreen.storyboard; sourceTree = "<group>"; };
		091BC2EE1FDE3FBB00F17BE5 /* Info.plist */ = {isa = PBXFileReference; lastKnownFileType = text.plist.xml; path = Info.plist; sourceTree = "<group>"; };
		091BC2F51FDE47F300F17BE5 /* BorderButton.swift */ = {isa = PBXFileReference; lastKnownFileType = sourcecode.swift; path = BorderButton.swift; sourceTree = "<group>"; };
/* End PBXFileReference section */

/* Begin PBXFrameworksBuildPhase section */
		091BC2DC1FDE3FBB00F17BE5 /* Frameworks */ = {
			isa = PBXFrameworksBuildPhase;
			buildActionMask = 2147483647;
			files = (
			);
			runOnlyForDeploymentPostprocessing = 0;
		};
/* End PBXFrameworksBuildPhase section */

/* Begin PBXGroup section */
		091BC2D61FDE3FBB00F17BE5 = {
			isa = PBXGroup;
			children = (
				091BC2E11FDE3FBB00F17BE5 /* woosh */,
				091BC2E01FDE3FBB00F17BE5 /* Products */,
			);
			sourceTree = "<group>";
		};
		091BC2E01FDE3FBB00F17BE5 /* Products */ = {
			isa = PBXGroup;
			children = (
				091BC2DF1FDE3FBB00F17BE5 /* woosh.app */,
			);
			name = Products;
			sourceTree = "<group>";
		};
		091BC2E11FDE3FBB00F17BE5 /* woosh */ = {
			isa = PBXGroup;
			children = (
				091BC2F41FDE47DE00F17BE5 /* Views */,
				091BC2E21FDE3FBB00F17BE5 /* AppDelegate.swift */,
				091BC2E41FDE3FBB00F17BE5 /* WelcomeVC.swift */,
				091BC2E61FDE3FBB00F17BE5 /* Main.storyboard */,
				091BC2E91FDE3FBB00F17BE5 /* Assets.xcassets */,
				091BC2EB1FDE3FBB00F17BE5 /* LaunchScreen.storyboard */,
				091BC2EE1FDE3FBB00F17BE5 /* Info.plist */,
			);
			path = woosh;
			sourceTree = "<group>";
		};
		091BC2F41FDE47DE00F17BE5 /* Views */ = {
			isa = PBXGroup;
			children = (
				091BC2F51FDE47F300F17BE5 /* BorderButton.swift */,
			);
			path = Views;
			sourceTree = "<group>";
		};
/* End PBXGroup section */

/* Begin PBXNativeTarget section */
		091BC2DE1FDE3FBB00F17BE5 /* woosh */ = {
			isa = PBXNativeTarget;
			buildConfigurationList = 091BC2F11FDE3FBB00F17BE5 /* Build configuration list for PBXNativeTarget "woosh" */;
			buildPhases = (
				091BC2DB1FDE3FBB00F17BE5 /* Sources */,
				091BC2DC1FDE3FBB00F17BE5 /* Frameworks */,
				091BC2DD1FDE3FBB00F17BE5 /* Resources */,
			);
			buildRules = (
			);
			dependencies = (
			);
			name = woosh;
			productName = woosh;
			productReference = 091BC2DF1FDE3FBB00F17BE5 /* woosh.app */;
			productType = "com.apple.product-type.application";
		};
/* End PBXNativeTarget section */

/* Begin PBXProject section */
		091BC2D71FDE3FBB00F17BE5 /* Project object */ = {
			isa = PBXProject;
			attributes = {
				LastSwiftUpdateCheck = 0910;
				LastUpgradeCheck = 0910;
				ORGANIZATIONNAME = Duong;
				TargetAttributes = {
					091BC2DE1FDE3FBB00F17BE5 = {
						CreatedOnToolsVersion = 9.1;
						ProvisioningStyle = Automatic;
					};
				};
			};
			buildConfigurationList = 091BC2DA1FDE3FBB00F17BE5 /* Build configuration list for PBXProject "woosh" */;
			compatibilityVersion = "Xcode 8.0";
			developmentRegion = en;
			hasScannedForEncodings = 0;
			knownRegions = (
				en,
				Base,
			);
			mainGroup = 091BC2D61FDE3FBB00F17BE5;
			productRefGroup = 091BC2E01FDE3FBB00F17BE5 /* Products */;
			projectDirPath = "";
			projectRoot = "";
			targets = (
				091BC2DE1FDE3FBB00F17BE5 /* woosh */,
			);
		};
/* End PBXProject section */

/* Begin PBXResourcesBuildPhase section */
		091BC2DD1FDE3FBB00F17BE5 /* Resources */ = {
			isa = PBXResourcesBuildPhase;
			buildActionMask = 2147483647;
			files = (
				091BC2ED1FDE3FBB00F17BE5 /* LaunchScreen.storyboard in Resources */,
				091BC2EA1FDE3FBB00F17BE5 /* Assets.xcassets in Resources */,
				091BC2E81FDE3FBB00F17BE5 /* Main.storyboard in Resources */,
			);
			runOnlyForDeploymentPostprocessing = 0;
		};
/* End PBXResourcesBuildPhase section */

/* Begin PBXSourcesBuildPhase section */
		091BC2DB1FDE3FBB00F17BE5 /* Sources */ = {
			isa = PBXSourcesBuildPhase;
			buildActionMask = 2147483647;
			files = (
				091BC2E51FDE3FBB00F17BE5 /* WelcomeVC.swift in Sources */,
				091BC2E31FDE3FBB00F17BE5 /* AppDelegate.swift in Sources */,
				091BC2F61FDE47F300F17BE5 /* BorderButton.swift in Sources */,
			);
			runOnlyForDeploymentPostprocessing = 0;
		};
/* End PBXSourcesBuildPhase section */

/* Begin PBXVariantGroup section */
		091BC2E61FDE3FBB00F17BE5 /* Main.storyboard */ = {
			isa = PBXVariantGroup;
			children = (
				091BC2E71FDE3FBB00F17BE5 /* Base */,
			);
			name = Main.storyboard;
			sourceTree = "<group>";
		};
		091BC2EB1FDE3FBB00F17BE5 /* LaunchScreen.storyboard */ = {
			isa = PBXVariantGroup;
			children = (
				091BC2EC1FDE3FBB00F17BE5 /* Base */,
			);
			name = LaunchScreen.storyboard;
			sourceTree = "<group>";
		};
/* End PBXVariantGroup section */

/* Begin XCBuildConfiguration section */
		091BC2EF1FDE3FBB00F17BE5 /* Debug */ = {
			isa = XCBuildConfiguration;
			buildSettings = {
				ALWAYS_SEARCH_USER_PATHS = NO;
				CLANG_ANALYZER_NONNULL = YES;
				CLANG_ANALYZER_NUMBER_OBJECT_CONVERSION = YES_AGGRESSIVE;
				CLANG_CXX_LANGUAGE_STANDARD = "gnu++14";
				CLANG_CXX_LIBRARY = "libc++";
				CLANG_ENABLE_MODULES = YES;
				CLANG_ENABLE_OBJC_ARC = YES;
				CLANG_WARN_BLOCK_CAPTURE_AUTORELEASING = YES;
				CLANG_WARN_BOOL_CONVERSION = YES;
				CLANG_WARN_COMMA = YES;
				CLANG_WARN_CONSTANT_CONVERSION = YES;
				CLANG_WARN_DIRECT_OBJC_ISA_USAGE = YES_ERROR;
				CLANG_WARN_DOCUMENTATION_COMMENTS = YES;
				CLANG_WARN_EMPTY_BODY = YES;
				CLANG_WARN_ENUM_CONVERSION = YES;
				CLANG_WARN_INFINITE_RECURSION = YES;
				CLANG_WARN_INT_CONVERSION = YES;
				CLANG_WARN_NON_LITERAL_NULL_CONVERSION = YES;
				CLANG_WARN_OBJC_LITERAL_CONVERSION = YES;
				CLANG_WARN_OBJC_ROOT_CLASS = YES_ERROR;
				CLANG_WARN_RANGE_LOOP_ANALYSIS = YES;
				CLANG_WARN_STRICT_PROTOTYPES = YES;
				CLANG_WARN_SUSPICIOUS_MOVE = YES;
				CLANG_WARN_UNGUARDED_AVAILABILITY = YES_AGGRESSIVE;
				CLANG_WARN_UNREACHABLE_CODE = YES;
				CLANG_WARN__DUPLICATE_METHOD_MATCH = YES;
				CODE_SIGN_IDENTITY = "iPhone Developer";
				COPY_PHASE_STRIP = NO;
				DEBUG_INFORMATION_FORMAT = dwarf;
				ENABLE_STRICT_OBJC_MSGSEND = YES;
				ENABLE_TESTABILITY = YES;
				GCC_C_LANGUAGE_STANDARD = gnu11;
				GCC_DYNAMIC_NO_PIC = NO;
				GCC_NO_COMMON_BLOCKS = YES;
				GCC_OPTIMIZATION_LEVEL = 0;
				GCC_PREPROCESSOR_DEFINITIONS = (
					"DEBUG=1",
					"$(inherited)",
				);
				GCC_WARN_64_TO_32_BIT_CONVERSION = YES;
				GCC_WARN_ABOUT_RETURN_TYPE = YES_ERROR;
				GCC_WARN_UNDECLARED_SELECTOR = YES;
				GCC_WARN_UNINITIALIZED_AUTOS = YES_AGGRESSIVE;
				GCC_WARN_UNUSED_FUNCTION = YES;
				GCC_WARN_UNUSED_VARIABLE = YES;
				IPHONEOS_DEPLOYMENT_TARGET = 11.1;
				MTL_ENABLE_DEBUG_INFO = YES;
				ONLY_ACTIVE_ARCH = YES;
				SDKROOT = iphoneos;
				SWIFT_ACTIVE_COMPILATION_CONDITIONS = DEBUG;
				SWIFT_OPTIMIZATION_LEVEL = "-Onone";
			};
			name = Debug;
		};
		091BC2F01FDE3FBB00F17BE5 /* Release */ = {
			isa = XCBuildConfiguration;
			buildSettings = {
				ALWAYS_SEARCH_USER_PATHS = NO;
				CLANG_ANALYZER_NONNULL = YES;
				CLANG_ANALYZER_NUMBER_OBJECT_CONVERSION = YES_AGGRESSIVE;
				CLANG_CXX_LANGUAGE_STANDARD = "gnu++14";
				CLANG_CXX_LIBRARY = "libc++";
				CLANG_ENABLE_MODULES = YES;
				CLANG_ENABLE_OBJC_ARC = YES;
				CLANG_WARN_BLOCK_CAPTURE_AUTORELEASING = YES;
				CLANG_WARN_BOOL_CONVERSION = YES;
				CLANG_WARN_COMMA = YES;
				CLANG_WARN_CONSTANT_CONVERSION = YES;
				CLANG_WARN_DIRECT_OBJC_ISA_USAGE = YES_ERROR;
				CLANG_WARN_DOCUMENTATION_COMMENTS = YES;
				CLANG_WARN_EMPTY_BODY = YES;
				CLANG_WARN_ENUM_CONVERSION = YES;
				CLANG_WARN_INFINITE_RECURSION = YES;
				CLANG_WARN_INT_CONVERSION = YES;
				CLANG_WARN_NON_LITERAL_NULL_CONVERSION = YES;
				CLANG_WARN_OBJC_LITERAL_CONVERSION = YES;
				CLANG_WARN_OBJC_ROOT_CLASS = YES_ERROR;
				CLANG_WARN_RANGE_LOOP_ANALYSIS = YES;
				CLANG_WARN_STRICT_PROTOTYPES = YES;
				CLANG_WARN_SUSPICIOUS_MOVE = YES;
				CLANG_WARN_UNGUARDED_AVAILABILITY = YES_AGGRESSIVE;
				CLANG_WARN_UNREACHABLE_CODE = YES;
				CLANG_WARN__DUPLICATE_METHOD_MATCH = YES;
				CODE_SIGN_IDENTITY = "iPhone Developer";
				COPY_PHASE_STRIP = NO;
				DEBUG_INFORMATION_FORMAT = "dwarf-with-dsym";
				ENABLE_NS_ASSERTIONS = NO;
				ENABLE_STRICT_OBJC_MSGSEND = YES;
				GCC_C_LANGUAGE_STANDARD = gnu11;
				GCC_NO_COMMON_BLOCKS = YES;
				GCC_WARN_64_TO_32_BIT_CONVERSION = YES;
				GCC_WARN_ABOUT_RETURN_TYPE = YES_ERROR;
				GCC_WARN_UNDECLARED_SELECTOR = YES;
				GCC_WARN_UNINITIALIZED_AUTOS = YES_AGGRESSIVE;
				GCC_WARN_UNUSED_FUNCTION = YES;
				GCC_WARN_UNUSED_VARIABLE = YES;
				IPHONEOS_DEPLOYMENT_TARGET = 11.1;
				MTL_ENABLE_DEBUG_INFO = NO;
				SDKROOT = iphoneos;
				SWIFT_OPTIMIZATION_LEVEL = "-Owholemodule";
				VALIDATE_PRODUCT = YES;
			};
			name = Release;
		};
		091BC2F21FDE3FBB00F17BE5 /* Debug */ = {
			isa = XCBuildConfiguration;
			buildSettings = {
				ASSETCATALOG_COMPILER_APPICON_NAME = AppIcon;
				CODE_SIGN_STYLE = Automatic;
				DEVELOPMENT_TEAM = YX5DV8GPWW;
				INFOPLIST_FILE = woosh/Info.plist;
				LD_RUNPATH_SEARCH_PATHS = "$(inherited) @executable_path/Frameworks";
				PRODUCT_BUNDLE_IDENTIFIER = com.uts.au.woosh;
				PRODUCT_NAME = "$(TARGET_NAME)";
				SWIFT_VERSION = 4.0;
				TARGETED_DEVICE_FAMILY = "1,2";
			};
			name = Debug;
		};
		091BC2F31FDE3FBB00F17BE5 /* Release */ = {
			isa = XCBuildConfiguration;
			buildSettings = {
				ASSETCATALOG_COMPILER_APPICON_NAME = AppIcon;
				CODE_SIGN_STYLE = Automatic;
				DEVELOPMENT_TEAM = YX5DV8GPWW;
				INFOPLIST_FILE = woosh/Info.plist;
				LD_RUNPATH_SEARCH_PATHS = "$(inherited) @executable_path/Frameworks";
				PRODUCT_BUNDLE_IDENTIFIER = com.uts.au.woosh;
				PRODUCT_NAME = "$(TARGET_NAME)";
				SWIFT_VERSION = 4.0;
				TARGETED_DEVICE_FAMILY = "1,2";
			};
			name = Release;
		};
/* End XCBuildConfiguration section */

/* Begin XCConfigurationList section */
		091BC2DA1FDE3FBB00F17BE5 /* Build configuration list for PBXProject "woosh" */ = {
			isa = XCConfigurationList;
			buildConfigurations = (
				091BC2EF1FDE3FBB00F17BE5 /* Debug */,
				091BC2F01FDE3FBB00F17BE5 /* Release */,
			);
			defaultConfigurationIsVisible = 0;
			defaultConfigurationName = Release;
		};
		091BC2F11FDE3FBB00F17BE5 /* Build configuration list for PBXNativeTarget "woosh" */ = {
			isa = XCConfigurationList;
			buildConfigurations = (
				091BC2F21FDE3FBB00F17BE5 /* Debug */,
				091BC2F31FDE3FBB00F17BE5 /* Release */,
			);
			defaultConfigurationIsVisible = 0;
			defaultConfigurationName = Release;
		};
/* End XCConfigurationList section */
	};
	rootObject = 091BC2D71FDE3FBB00F17BE5 /* Project object */;
}
